{
  "name": "weapp-demos",
  "version": "1.0.0",
  "lockfileVersion": 1,
  "requires": true,
  "dependencies": {
    "@vant/weapp": {
      "version": "1.0.1",
      "resolved": "https://registry.npmjs.org/@vant/weapp/-/weapp-1.0.1.tgz",
      "integrity": "sha512-GqT957T66y3JX8aMuXNIUPbBsg5NxyKzfMrMrFR+7kzhDuieKcmir7WJFoVkGA00aED/Mw30om99x/BdFGdm0w=="
    },
    "lodash": {
      "version": "4.17.19",
      "resolved": "https://registry.npmjs.org/lodash/-/lodash-4.17.19.tgz",
      "integrity": "sha512-JNvd8XER9GQX0v2qJgsaN/mzFCNA5BRe/j8JN9d+tWyGLSodKQHKFicdwNYzWwI3wjRnaKPsGj1XkBjx/F96DQ=="
    },
    "threejs-miniprogram": {
      "version": "0.0.3",
      "resolved": "https://registry.npmjs.org/threejs-miniprogram/-/threejs-miniprogram-0.0.3.tgz",
      "integrity": "sha512-4vsHYrA5ZRCelkZ6TXs7/TFIyYDcwfrT0j5E12tMLSFI4VDYsto8fhSbIRlOVmyGT6JhhIG9CqumTInmxlLM8Q=="
    }
  }
}
