{
  "name": "weapp-demos",
  "version": "1.0.0",
  "lockfileVersion": 1,
  "requires": true,
  "dependencies": {
    "@vant/weapp": {
      "version": "1.0.1",
      "resolved": "https://registry.npmjs.org/@vant/weapp/-/weapp-1.0.1.tgz",
      "integrity": "sha512-GqT957T66y3JX8aMuXNIUPbBsg5NxyKzfMrMrFR+7kzhDuieKcmir7WJFoVkGA00aED/Mw30om99x/BdFGdm0w=="
    },
    "lodash": {
      "version": "4.17.15",
      "resolved": "https://registry.npmjs.org/lodash/-/lodash-4.17.15.tgz",
      "integrity": "sha512-8xOcRHvCjnocdS5cpwXQXVzmmh5e5+saE2QGoeQmbKmRS6J3VQppPOIt0MnmE+4xlZoumy0GPG0D0MVIQbNA1A=="
    },
    "lodash.get": {
      "version": "4.4.2",
      "resolved": "https://registry.npmjs.org/lodash.get/-/lodash.get-4.4.2.tgz",
      "integrity": "sha1-LRd/ZS+jHpObRDjVNBSZ36OCXpk="
    }
  }
}
